
Microsoft Visual Studio Solution File, Format Version 12.00
# Visual Studio Version 17
VisualStudioVersion = 17.13.35919.96
MinimumVisualStudioVersion = 10.0.40219.1
Project("{FAE04EC0-301F-11D3-BF4B-00C04F79EFBC}") = "Stream&Files", "Stream&Files\Stream&Files.csproj", "{B7423837-AEF5-4BCB-8014-8092C3D51CEF}"
EndProject
Project("{FAE04EC0-301F-11D3-BF4B-00C04F79EFBC}") = "CharacterCounting", "CharacterCounting\CharacterCounting.csproj", "{FDC3E4D3-BD50-48F4-83CF-E243B9938665}"
EndProject
Global
	GlobalSection(SolutionConfigurationPlatforms) = preSolution
		Debug|Any CPU = Debug|Any CPU
		Release|Any CPU = Release|Any CPU
	EndGlobalSection
	GlobalSection(ProjectConfigurationPlatforms) = postSolution
		{B7423837-AEF5-4BCB-8014-8092C3D51CEF}.Debug|Any CPU.ActiveCfg = Debug|Any CPU
		{B7423837-AEF5-4BCB-8014-8092C3D51CEF}.Debug|Any CPU.Build.0 = Debug|Any CPU
		{B7423837-AEF5-4BCB-8014-8092C3D51CEF}.Release|Any CPU.ActiveCfg = Release|Any CPU
		{B7423837-AEF5-4BCB-8014-8092C3D51CEF}.Release|Any CPU.Build.0 = Release|Any CPU
		{FDC3E4D3-BD50-48F4-83CF-E243B9938665}.Debug|Any CPU.ActiveCfg = Debug|Any CPU
		{FDC3E4D3-BD50-48F4-83CF-E243B9938665}.Debug|Any CPU.Build.0 = Debug|Any CPU
		{FDC3E4D3-BD50-48F4-83CF-E243B9938665}.Release|Any CPU.ActiveCfg = Release|Any CPU
		{FDC3E4D3-BD50-48F4-83CF-E243B9938665}.Release|Any CPU.Build.0 = Release|Any CPU
	EndGlobalSection
	GlobalSection(SolutionProperties) = preSolution
		HideSolutionNode = FALSE
	EndGlobalSection
	GlobalSection(ExtensibilityGlobals) = postSolution
		SolutionGuid = {607235DF-8239-4071-8C0A-A18B4E2EECB7}
	EndGlobalSection
EndGlobal
