
Microsoft Visual Studio Solution File, Format Version 12.00
# Visual Studio Version 17
VisualStudioVersion = 17.13.35919.96 d17.13
MinimumVisualStudioVersion = 10.0.40219.1
Project("{FAE04EC0-301F-11D3-BF4B-00C04F79EFBC}") = "SolidPrinciples_Task1", "SolidPrinciples_Task1\SolidPrinciples_Task1.csproj", "{8CF7174B-D903-4D72-A50C-803553C05A4C}"
EndProject
Project("{FAE04EC0-301F-11D3-BF4B-00C04F79EFBC}") = "SingleResponsibilityPrinciple", "SingleResponsibilityPrinciple\SingleResponsibilityPrinciple.csproj", "{D5B580DC-4C60-446F-8FE7-19D43590B397}"
EndProject
Project("{FAE04EC0-301F-11D3-BF4B-00C04F79EFBC}") = "OpenClosedPrinciple", "OpenClosedPrinciple\OpenClosedPrinciple.csproj", "{5B975A59-2277-4977-AF2C-90A70FC4CBD6}"
EndProject
Project("{FAE04EC0-301F-11D3-BF4B-00C04F79EFBC}") = "LiskovSubstitution", "LiskovSubstitution\LiskovSubstitution.csproj", "{9D331C44-50B7-4CAE-94C8-45B34E6D65C4}"
EndProject
Project("{FAE04EC0-301F-11D3-BF4B-00C04F79EFBC}") = "InterfaceSegregation", "InterfaceSegregation\InterfaceSegregation.csproj", "{D97061C5-9EDE-4811-A549-CBAF7385A0BF}"
EndProject
Project("{FAE04EC0-301F-11D3-BF4B-00C04F79EFBC}") = "DependencyInversionPriciple", "DependencyInversionPriciple\DependencyInversionPriciple.csproj", "{9FBC8F90-BA1E-4712-AD14-D7974480510B}"
EndProject
Global
	GlobalSection(SolutionConfigurationPlatforms) = preSolution
		Debug|Any CPU = Debug|Any CPU
		Release|Any CPU = Release|Any CPU
	EndGlobalSection
	GlobalSection(ProjectConfigurationPlatforms) = postSolution
		{8CF7174B-D903-4D72-A50C-803553C05A4C}.Debug|Any CPU.ActiveCfg = Debug|Any CPU
		{8CF7174B-D903-4D72-A50C-803553C05A4C}.Debug|Any CPU.Build.0 = Debug|Any CPU
		{8CF7174B-D903-4D72-A50C-803553C05A4C}.Release|Any CPU.ActiveCfg = Release|Any CPU
		{8CF7174B-D903-4D72-A50C-803553C05A4C}.Release|Any CPU.Build.0 = Release|Any CPU
		{D5B580DC-4C60-446F-8FE7-19D43590B397}.Debug|Any CPU.ActiveCfg = Debug|Any CPU
		{D5B580DC-4C60-446F-8FE7-19D43590B397}.Debug|Any CPU.Build.0 = Debug|Any CPU
		{D5B580DC-4C60-446F-8FE7-19D43590B397}.Release|Any CPU.ActiveCfg = Release|Any CPU
		{D5B580DC-4C60-446F-8FE7-19D43590B397}.Release|Any CPU.Build.0 = Release|Any CPU
		{5B975A59-2277-4977-AF2C-90A70FC4CBD6}.Debug|Any CPU.ActiveCfg = Debug|Any CPU
		{5B975A59-2277-4977-AF2C-90A70FC4CBD6}.Debug|Any CPU.Build.0 = Debug|Any CPU
		{5B975A59-2277-4977-AF2C-90A70FC4CBD6}.Release|Any CPU.ActiveCfg = Release|Any CPU
		{5B975A59-2277-4977-AF2C-90A70FC4CBD6}.Release|Any CPU.Build.0 = Release|Any CPU
		{9D331C44-50B7-4CAE-94C8-45B34E6D65C4}.Debug|Any CPU.ActiveCfg = Debug|Any CPU
		{9D331C44-50B7-4CAE-94C8-45B34E6D65C4}.Debug|Any CPU.Build.0 = Debug|Any CPU
		{9D331C44-50B7-4CAE-94C8-45B34E6D65C4}.Release|Any CPU.ActiveCfg = Release|Any CPU
		{9D331C44-50B7-4CAE-94C8-45B34E6D65C4}.Release|Any CPU.Build.0 = Release|Any CPU
		{D97061C5-9EDE-4811-A549-CBAF7385A0BF}.Debug|Any CPU.ActiveCfg = Debug|Any CPU
		{D97061C5-9EDE-4811-A549-CBAF7385A0BF}.Debug|Any CPU.Build.0 = Debug|Any CPU
		{D97061C5-9EDE-4811-A549-CBAF7385A0BF}.Release|Any CPU.ActiveCfg = Release|Any CPU
		{D97061C5-9EDE-4811-A549-CBAF7385A0BF}.Release|Any CPU.Build.0 = Release|Any CPU
		{9FBC8F90-BA1E-4712-AD14-D7974480510B}.Debug|Any CPU.ActiveCfg = Debug|Any CPU
		{9FBC8F90-BA1E-4712-AD14-D7974480510B}.Debug|Any CPU.Build.0 = Debug|Any CPU
		{9FBC8F90-BA1E-4712-AD14-D7974480510B}.Release|Any CPU.ActiveCfg = Release|Any CPU
		{9FBC8F90-BA1E-4712-AD14-D7974480510B}.Release|Any CPU.Build.0 = Release|Any CPU
	EndGlobalSection
	GlobalSection(SolutionProperties) = preSolution
		HideSolutionNode = FALSE
	EndGlobalSection
	GlobalSection(ExtensibilityGlobals) = postSolution
		SolutionGuid = {32E4FCF4-22C3-41A3-A114-5D6D76AB45BD}
	EndGlobalSection
EndGlobal
